
Microsoft Visual Studio Solution File, Format Version 12.00
# Visual Studio 15
VisualStudioVersion = 15.0.28307.106
MinimumVisualStudioVersion = 10.0.40219.1
Project("{9A19103F-16F7-4668-BE54-9A1E7A4F7556}") = "LearningPlusWebApp", "LearningPlusWebApp\LearningPlusWebApp.csproj", "{C2BCB8C8-451C-495A-BEE8-DDCF2FCF9BBB}"
EndProject
Global
	GlobalSection(SolutionConfigurationPlatforms) = preSolution
		Debug|Any CPU = Debug|Any CPU
		Release|Any CPU = Release|Any CPU
	EndGlobalSection
	GlobalSection(ProjectConfigurationPlatforms) = postSolution
		{C2BCB8C8-451C-495A-BEE8-DDCF2FCF9BBB}.Debug|Any CPU.ActiveCfg = Debug|Any CPU
		{C2BCB8C8-451C-495A-BEE8-DDCF2FCF9BBB}.Debug|Any CPU.Build.0 = Debug|Any CPU
		{C2BCB8C8-451C-495A-BEE8-DDCF2FCF9BBB}.Release|Any CPU.ActiveCfg = Release|Any CPU
		{C2BCB8C8-451C-495A-BEE8-DDCF2FCF9BBB}.Release|Any CPU.Build.0 = Release|Any CPU
	EndGlobalSection
	GlobalSection(SolutionProperties) = preSolution
		HideSolutionNode = FALSE
	EndGlobalSection
	GlobalSection(ExtensibilityGlobals) = postSolution
		SolutionGuid = {4F7DF777-F070-46BE-8F71-AA15C6A65F26}
	EndGlobalSection
EndGlobal
