
Microsoft Visual Studio Solution File, Format Version 12.00
# Visual Studio 15
VisualStudioVersion = 15.0.28307.106
MinimumVisualStudioVersion = 10.0.40219.1
Project("{9A19103F-16F7-4668-BE54-9A1E7A4F7556}") = "LearningPlus.Web", "Web\LearningPlusWebApp\LearningPlus.Web.csproj", "{C2BCB8C8-451C-495A-BEE8-DDCF2FCF9BBB}"
EndProject
Project("{2150E333-8FDC-42A3-9474-1A3956D46DE8}") = "Data", "Data", "{9D7FF3DB-5BCF-401C-A383-6434FB9C9C27}"
EndProject
Project("{9A19103F-16F7-4668-BE54-9A1E7A4F7556}") = "LearningPlus.Data", "Data\LearningPlus.Data\LearningPlus.Data.csproj", "{7D8E44F4-CACE-4474-90EC-06E685BE66A3}"
EndProject
Project("{9A19103F-16F7-4668-BE54-9A1E7A4F7556}") = "LearningPlus.Models", "Data\LearningPlus.Models\LearningPlus.Models.csproj", "{3116BB3F-A41A-409A-BCE2-4DFCE8AFBCB9}"
EndProject
Project("{2150E333-8FDC-42A3-9474-1A3956D46DE8}") = "Web", "Web", "{8444C45A-B774-439A-871B-6F4EE02E1803}"
EndProject
Project("{9A19103F-16F7-4668-BE54-9A1E7A4F7556}") = "LerningPlus.Web.Services", "Web\LerningPlus.Web.Services\LerningPlus.Web.Services.csproj", "{86F2D617-C94F-42B7-97A7-4E15BDEF2961}"
EndProject
Project("{9A19103F-16F7-4668-BE54-9A1E7A4F7556}") = "LearningPlus.Web.ViewModels", "Web\LearningPlus.Web.ViewModels\LearningPlus.Web.ViewModels.csproj", "{65E44A74-8085-405B-99AE-A1B10209E199}"
EndProject
Project("{2150E333-8FDC-42A3-9474-1A3956D46DE8}") = "Tests", "Tests", "{80BFB652-A5F6-4BFB-8035-16C5B801CF31}"
EndProject
Project("{9A19103F-16F7-4668-BE54-9A1E7A4F7556}") = "LearningPlus.Web.DataServices.Tests", "Tests\LearningPlus.Web.DataServices.Tests\LearningPlus.Web.DataServices.Tests.csproj", "{ADF0AAAB-3699-48BD-B9BF-13804E921A1B}"
EndProject
Global
	GlobalSection(SolutionConfigurationPlatforms) = preSolution
		Debug|Any CPU = Debug|Any CPU
		Release|Any CPU = Release|Any CPU
	EndGlobalSection
	GlobalSection(ProjectConfigurationPlatforms) = postSolution
		{C2BCB8C8-451C-495A-BEE8-DDCF2FCF9BBB}.Debug|Any CPU.ActiveCfg = Debug|Any CPU
		{C2BCB8C8-451C-495A-BEE8-DDCF2FCF9BBB}.Debug|Any CPU.Build.0 = Debug|Any CPU
		{C2BCB8C8-451C-495A-BEE8-DDCF2FCF9BBB}.Release|Any CPU.ActiveCfg = Release|Any CPU
		{C2BCB8C8-451C-495A-BEE8-DDCF2FCF9BBB}.Release|Any CPU.Build.0 = Release|Any CPU
		{7D8E44F4-CACE-4474-90EC-06E685BE66A3}.Debug|Any CPU.ActiveCfg = Debug|Any CPU
		{7D8E44F4-CACE-4474-90EC-06E685BE66A3}.Debug|Any CPU.Build.0 = Debug|Any CPU
		{7D8E44F4-CACE-4474-90EC-06E685BE66A3}.Release|Any CPU.ActiveCfg = Release|Any CPU
		{7D8E44F4-CACE-4474-90EC-06E685BE66A3}.Release|Any CPU.Build.0 = Release|Any CPU
		{3116BB3F-A41A-409A-BCE2-4DFCE8AFBCB9}.Debug|Any CPU.ActiveCfg = Debug|Any CPU
		{3116BB3F-A41A-409A-BCE2-4DFCE8AFBCB9}.Debug|Any CPU.Build.0 = Debug|Any CPU
		{3116BB3F-A41A-409A-BCE2-4DFCE8AFBCB9}.Release|Any CPU.ActiveCfg = Release|Any CPU
		{3116BB3F-A41A-409A-BCE2-4DFCE8AFBCB9}.Release|Any CPU.Build.0 = Release|Any CPU
		{86F2D617-C94F-42B7-97A7-4E15BDEF2961}.Debug|Any CPU.ActiveCfg = Debug|Any CPU
		{86F2D617-C94F-42B7-97A7-4E15BDEF2961}.Debug|Any CPU.Build.0 = Debug|Any CPU
		{86F2D617-C94F-42B7-97A7-4E15BDEF2961}.Release|Any CPU.ActiveCfg = Release|Any CPU
		{86F2D617-C94F-42B7-97A7-4E15BDEF2961}.Release|Any CPU.Build.0 = Release|Any CPU
		{65E44A74-8085-405B-99AE-A1B10209E199}.Debug|Any CPU.ActiveCfg = Debug|Any CPU
		{65E44A74-8085-405B-99AE-A1B10209E199}.Debug|Any CPU.Build.0 = Debug|Any CPU
		{65E44A74-8085-405B-99AE-A1B10209E199}.Release|Any CPU.ActiveCfg = Release|Any CPU
		{65E44A74-8085-405B-99AE-A1B10209E199}.Release|Any CPU.Build.0 = Release|Any CPU
		{ADF0AAAB-3699-48BD-B9BF-13804E921A1B}.Debug|Any CPU.ActiveCfg = Debug|Any CPU
		{ADF0AAAB-3699-48BD-B9BF-13804E921A1B}.Debug|Any CPU.Build.0 = Debug|Any CPU
		{ADF0AAAB-3699-48BD-B9BF-13804E921A1B}.Release|Any CPU.ActiveCfg = Release|Any CPU
		{ADF0AAAB-3699-48BD-B9BF-13804E921A1B}.Release|Any CPU.Build.0 = Release|Any CPU
	EndGlobalSection
	GlobalSection(SolutionProperties) = preSolution
		HideSolutionNode = FALSE
	EndGlobalSection
	GlobalSection(NestedProjects) = preSolution
		{C2BCB8C8-451C-495A-BEE8-DDCF2FCF9BBB} = {8444C45A-B774-439A-871B-6F4EE02E1803}
		{7D8E44F4-CACE-4474-90EC-06E685BE66A3} = {9D7FF3DB-5BCF-401C-A383-6434FB9C9C27}
		{3116BB3F-A41A-409A-BCE2-4DFCE8AFBCB9} = {9D7FF3DB-5BCF-401C-A383-6434FB9C9C27}
		{86F2D617-C94F-42B7-97A7-4E15BDEF2961} = {8444C45A-B774-439A-871B-6F4EE02E1803}
		{65E44A74-8085-405B-99AE-A1B10209E199} = {8444C45A-B774-439A-871B-6F4EE02E1803}
		{ADF0AAAB-3699-48BD-B9BF-13804E921A1B} = {80BFB652-A5F6-4BFB-8035-16C5B801CF31}
	EndGlobalSection
	GlobalSection(ExtensibilityGlobals) = postSolution
		SolutionGuid = {4F7DF777-F070-46BE-8F71-AA15C6A65F26}
	EndGlobalSection
EndGlobal
